# This file is automatically @generated by Poetry 1.4.0 and should not be changed by hand.

[[package]]
name = "configobj"
version = "5.0.8"
description = "Config file reading, writing and validation."
category = "main"
optional = false
python-versions = ">=2.7, !=3.0.*, !=3.1.*, !=3.2.*, !=3.3.*, !=3.4.*"
files = [
    {file = "configobj-5.0.8-py2.py3-none-any.whl", hash = "sha256:a7a8c6ab7daade85c3f329931a807c8aee750a2494363934f8ea84d8a54c87ea"},
    {file = "configobj-5.0.8.tar.gz", hash = "sha256:6f704434a07dc4f4dc7c9a745172c1cad449feb548febd9f7fe362629c627a97"},
]

[package.dependencies]
six = "*"

[[package]]
name = "ct3"
version = "3.3.2"
description = "Cheetah is a template engine and code generation tool"
category = "main"
optional = false
python-versions = ">=2.7, !=3.0.*, !=3.1.*, !=3.2.*, !=3.3.*"
files = [
    {file = "CT3-3.3.2-cp27-cp27m-macosx_10_6_x86_64.whl", hash = "sha256:fd089ae63ce64cacd717860d9ddb68b8a1c2b79330cc1ea5894685035e1cac56"},
    {file = "CT3-3.3.2-cp27-cp27mu-manylinux_2_5_x86_64.manylinux1_x86_64.whl", hash = "sha256:9547fa0f5e71e6fde4a6423d4d8d1376678b474c05bc9a1922eac3b861f5756d"},
    {file = "CT3-3.3.2-cp310-cp310-macosx_10_9_x86_64.whl", hash = "sha256:bf8691241cb678403e36e2f4dee6a0c94c6fb0c120e39f8f883ba028d075b87a"},
    {file = "CT3-3.3.2-cp310-cp310-manylinux_2_5_x86_64.manylinux1_x86_64.whl", hash = "sha256:588d82b6bb87cc59f93b1cb0b381d87538bb40aef14aa90af56b55447c6c68fa"},
    {file = "CT3-3.3.2-cp310-cp310-win_amd64.whl", hash = "sha256:5c62294613519d37d1cc89a06557e678c2fb3369ebce2c51aed175aaea9229dc"},
    {file = "CT3-3.3.2-cp311-cp311-macosx_10_9_x86_64.whl", hash = "sha256:23474a4081c50a4550516ed0b4a01aca9c9fddc1999be36cda57442ffd7e1de4"},
    {file = "CT3-3.3.2-cp311-cp311-manylinux_2_5_x86_64.manylinux1_x86_64.whl", hash = "sha256:a88d73874e9f29405431f45425b809f29ea43c1d5993fa83a4a5aab250ee720d"},
    {file = "CT3-3.3.2-cp311-cp311-win_amd64.whl", hash = "sha256:e74a948d5d72a71e3ebe160627afce92844ec7b78e4edf8f948a34a37843ed99"},
    {file = "CT3-3.3.2-cp35-cp35m-macosx_10_9_x86_64.whl", hash = "sha256:94be6e4ce353b48e148c5dc46fa52448d49b35875078ce28a7a049133d6118de"},
    {file = "CT3-3.3.2-cp35-cp35m-manylinux1_x86_64.whl", hash = "sha256:2c5dc59d8b76ed3070665fd8801b9a88e9e99bf6eb274cfbe33caa895bcb073a"},
    {file = "CT3-3.3.2-cp35-cp35m-win_amd64.whl", hash = "sha256:1988706cc2d0caa9964be15f732738240bc5369d6dfe8c3ddc88f52e31e731b6"},
    {file = "CT3-3.3.2-cp36-cp36m-macosx_10_7_x86_64.whl", hash = "sha256:b9d345051079540c9025c46a348d8a2912d1da3c208f3913ee050648791b17f9"},
    {file = "CT3-3.3.2-cp36-cp36m-manylinux_2_5_x86_64.manylinux1_x86_64.whl", hash = "sha256:e62049752f1d0e324ed1d1414fdc555b742a4dc2e72726f5e194b6ac3ff35038"},
    {file = "CT3-3.3.2-cp36-cp36m-win_amd64.whl", hash = "sha256:17b66bf64c14465cb2e8f3a2af5647ebf1755d817c977865b63f8b5d271e4534"},
    {file = "CT3-3.3.2-cp37-cp37m-macosx_10_9_x86_64.whl", hash = "sha256:1dc68fd53a898c85109872c71877a6aefe77ea038e9a7e96d6a62df9247ea762"},
    {file = "CT3-3.3.2-cp37-cp37m-manylinux_2_5_x86_64.manylinux1_x86_64.whl", hash = "sha256:8d9b13206e1796daaa78d0701705a3026acdfa5243ec2d90640d7560cfac91b2"},
    {file = "CT3-3.3.2-cp37-cp37m-win_amd64.whl", hash = "sha256:64bd66e032c3f810e734af559c888497e07a7bcf9e9afc89e73a28f332b76233"},
    {file = "CT3-3.3.2-cp38-cp38-macosx_10_9_x86_64.whl", hash = "sha256:2db3022a759289f61393e5da6a7d2aaf799ebf26eaedef9a23901414f94098a1"},
    {file = "CT3-3.3.2-cp38-cp38-manylinux_2_5_x86_64.manylinux1_x86_64.whl", hash = "sha256:5f58a22275c0e4e81419da8f60bc2ef29810a0a0c88136a709b5b8a5bf1e9e49"},
    {file = "CT3-3.3.2-cp38-cp38-win_amd64.whl", hash = "sha256:eeddd8ead4ba690db6ea86fecbb0d7b89e1ec248d605fb1dad1016a632ff96ca"},
    {file = "CT3-3.3.2-cp39-cp39-macosx_10_9_x86_64.whl", hash = "sha256:5b9801583a24feabe69fd87c3e2e13988f8d9afa96e121a74dd5550459306a0d"},
    {file = "CT3-3.3.2-cp39-cp39-manylinux_2_5_x86_64.manylinux1_x86_64.whl", hash = "sha256:89750ed5360f446acbb920480a81f4a1f29caeec221abbc154b2ed1f19bef2ce"},
    {file = "CT3-3.3.2-cp39-cp39-win_amd64.whl", hash = "sha256:8acb1b4d04812a2b03c43ee06ca21eceec804572cb1e20b8cfe810d5cd8e6588"},
    {file = "CT3-3.3.2-py2-none-any.whl", hash = "sha256:607d432e1afc8b7149fd3e69741f7b32c0015e22cc142e5db12bf6a10d1a337f"},
    {file = "CT3-3.3.2.tar.gz", hash = "sha256:52625042d54e6676912ebd12319e9d86d92682f540fa33c621c297ac820d5546"},
]

[package.extras]
filters = ["markdown"]
markdown = ["markdown"]

[[package]]
name = "ephem"
version = "4.1.5"
description = "Compute positions of the planets and stars"
category = "main"
optional = false
python-versions = "*"
files = [
    {file = "ephem-4.1.5-cp310-cp310-macosx_10_9_x86_64.whl", hash = "sha256:0796dbcd24f76af0e81c22e1f709b42873ef81d2c4dfa962f8d346f11489785d"},
    {file = "ephem-4.1.5-cp310-cp310-macosx_11_0_arm64.whl", hash = "sha256:0266cf69d594bd94034bd13c18dbcef13b301acd7357d7cf7d1bb8acaf7f00b4"},
    {file = "ephem-4.1.5-cp310-cp310-manylinux_2_12_i686.manylinux2010_i686.manylinux_2_17_i686.manylinux2014_i686.whl", hash = "sha256:3db8d53a37c772e1b132f5ed3535027d73e8dca4ead99a7563f09c4308996b63"},
    {file = "ephem-4.1.5-cp310-cp310-manylinux_2_17_aarch64.manylinux2014_aarch64.whl", hash = "sha256:1c6e7523d8856caa4ac53db1988693ce7a516fb25c1cd3c74a3472f951691c0e"},
    {file = "ephem-4.1.5-cp310-cp310-manylinux_2_17_s390x.manylinux2014_s390x.whl", hash = "sha256:203bd3f00c49012bd07eb2627bcf9538f608b3431cb8053a7d3115e1df396312"},
    {file = "ephem-4.1.5-cp310-cp310-manylinux_2_17_x86_64.manylinux2014_x86_64.whl", hash = "sha256:ec7ddf15c319a83fb5dadff58bb6e5fbcaff09338f5c2a1b2c7b1445b87002b5"},
    {file = "ephem-4.1.5-cp310-cp310-musllinux_1_1_aarch64.whl", hash = "sha256:13f800e03aad215ae6a4217122e64d0ce90e914574f8b5afa381d81dad0eecaa"},
    {file = "ephem-4.1.5-cp310-cp310-musllinux_1_1_i686.whl", hash = "sha256:83921b341b4f4725e59c1463b9613f3fd3991392e17904170b146f5d6945afcb"},
    {file = "ephem-4.1.5-cp310-cp310-musllinux_1_1_s390x.whl", hash = "sha256:6219412800138f489733cb3a8b4fab0a8b3ef2dd5ec143aff35950dca9a71c36"},
    {file = "ephem-4.1.5-cp310-cp310-musllinux_1_1_x86_64.whl", hash = "sha256:b95bf8c92a5eae665d63371440b93778b2508ad448907d12f72ed6ed08ea476c"},
    {file = "ephem-4.1.5-cp310-cp310-win32.whl", hash = "sha256:afefe022448f09c3e15472bd3ad30fa4824f8c4a9de65216b9952b9dfcec8750"},
    {file = "ephem-4.1.5-cp310-cp310-win_amd64.whl", hash = "sha256:53df72aa3e2f1359ed56587b1930d0030fec030db71744564a83c10ea54316a7"},
    {file = "ephem-4.1.5-cp311-cp311-macosx_10_9_x86_64.whl", hash = "sha256:b3e385d8447d908be6dd8c53c4452fee7d61040c9b6bb5a60195b57c85545ca6"},
    {file = "ephem-4.1.5-cp311-cp311-macosx_11_0_arm64.whl", hash = "sha256:be6c4ced150d79ab6b5ff3bb7545fee26cf7f4f64ccf476a14850a63bbf125e7"},
    {file = "ephem-4.1.5-cp311-cp311-manylinux_2_12_i686.manylinux2010_i686.manylinux_2_17_i686.manylinux2014_i686.whl", hash = "sha256:4c8a70e36632e88227c4ba8184fd91dbd32d0140f799202b5fb8510508f4c8e4"},
    {file = "ephem-4.1.5-cp311-cp311-manylinux_2_17_aarch64.manylinux2014_aarch64.whl", hash = "sha256:9ee2a4966167a0300db2c9155e4b64fc1a6bb67ca869659d4c0342869c44d4f3"},
    {file = "ephem-4.1.5-cp311-cp311-manylinux_2_17_s390x.manylinux2014_s390x.whl", hash = "sha256:b45b9b15e65c7f26c1342b70e06e49bd83a9c527affe9de0fb5953a3a25a0cda"},
    {file = "ephem-4.1.5-cp311-cp311-manylinux_2_17_x86_64.manylinux2014_x86_64.whl", hash = "sha256:e21a8120569f315ce181f2e654528cd10c18cb92382248de90574effed57d227"},
    {file = "ephem-4.1.5-cp311-cp311-musllinux_1_1_aarch64.whl", hash = "sha256:864d6aba1699f26e7768ed424d5218396300dce6d8deccb1c97164a424343675"},
    {file = "ephem-4.1.5-cp311-cp311-musllinux_1_1_i686.whl", hash = "sha256:8f8f5dd5b1343dc77ea891ab423677a631fd7b820bbbeac7ec53ee332e8a4ca5"},
    {file = "ephem-4.1.5-cp311-cp311-musllinux_1_1_s390x.whl", hash = "sha256:8a2347ad88aad026dff6f00b931bd2b0d6b4f184bf65ffd4b62f557526bf335d"},
    {file = "ephem-4.1.5-cp311-cp311-musllinux_1_1_x86_64.whl", hash = "sha256:5496ebc21b2873e986836ad0756818bee80ed6deee58e1167a9876e4a64f0bbf"},
    {file = "ephem-4.1.5-cp311-cp311-win32.whl", hash = "sha256:f319ca58ee2ee27c18e42657ad8d3d1b0251dd369c9fd60af45b2bc2c42ded0a"},
    {file = "ephem-4.1.5-cp311-cp311-win_amd64.whl", hash = "sha256:cc6a49fd3250cf67305230da962d779632b13da2a8fae5c383e973fa113baa97"},
    {file = "ephem-4.1.5-cp312-cp312-macosx_10_9_x86_64.whl", hash = "sha256:51c17c62b031ec246546aa482d98e9a5573405385eb7adf7154f5a1af309ac8a"},
    {file = "ephem-4.1.5-cp312-cp312-macosx_11_0_arm64.whl", hash = "sha256:ff1436219d2dad1433c5f0a61f3a947ab6d4c622cc6a90d7cb5c2e28a8669fba"},
    {file = "ephem-4.1.5-cp312-cp312-manylinux_2_12_i686.manylinux2010_i686.manylinux_2_17_i686.manylinux2014_i686.whl", hash = "sha256:9495d515a6f49bd7a90f58320af1a95e4c3ab89307fbf31045cf05570f779eaf"},
    {file = "ephem-4.1.5-cp312-cp312-manylinux_2_17_aarch64.manylinux2014_aarch64.whl", hash = "sha256:7952e8b54c771be6a58ce9aca91d729bcdace2293c68fe825df3433995aedafc"},
    {file = "ephem-4.1.5-cp312-cp312-manylinux_2_17_s390x.manylinux2014_s390x.whl", hash = "sha256:1e99ba9fbd5c136fc18b94fe5e709a7c4a19f13ed1c6a16bdec448cbd7d1bcb1"},
    {file = "ephem-4.1.5-cp312-cp312-manylinux_2_17_x86_64.manylinux2014_x86_64.whl", hash = "sha256:9d2922e6cb66434e9edd3764b103b6bdd394a701bd39395c46f0a7751b9829ee"},
    {file = "ephem-4.1.5-cp312-cp312-musllinux_1_1_aarch64.whl", hash = "sha256:692f8dea9e91447c6406e9ee7001075d5794948677f5f8ee4601c146509b15b1"},
    {file = "ephem-4.1.5-cp312-cp312-musllinux_1_1_i686.whl", hash = "sha256:7122f46a0ce2c2551360bf43b693a3f1f543c0aa6e736b2513bc3203df27df7c"},
    {file = "ephem-4.1.5-cp312-cp312-musllinux_1_1_s390x.whl", hash = "sha256:a68dd823d823ace3ecd94b3cf926d51ae8aa88ce248159850a8db45547720843"},
    {file = "ephem-4.1.5-cp312-cp312-musllinux_1_1_x86_64.whl", hash = "sha256:cf745e4f02455d6c0f1d85a61206c420ee2c909b392266109e2da2d3a8c023db"},
    {file = "ephem-4.1.5-cp312-cp312-win32.whl", hash = "sha256:e1772852072727e848b5fe035ce7d9dc4662c1baffbd9e4cd7467ecf384db1d9"},
    {file = "ephem-4.1.5-cp312-cp312-win_amd64.whl", hash = "sha256:fd984e38c5078be8cb881ed75c69b2204a1d7fd2230571fc92112edfc5362bf6"},
    {file = "ephem-4.1.5-cp36-cp36m-macosx_10_9_x86_64.whl", hash = "sha256:740a5950b31ac9a7ca40a95b7cfb1678e747e860f77ac0030984c10dc5464e7f"},
    {file = "ephem-4.1.5-cp36-cp36m-manylinux_2_12_i686.manylinux2010_i686.manylinux_2_17_i686.manylinux2014_i686.whl", hash = "sha256:faf5b786ed28e7d00704d2cf3862dec75223790ed800c285a91acfa538b1755c"},
    {file = "ephem-4.1.5-cp36-cp36m-manylinux_2_17_aarch64.manylinux2014_aarch64.whl", hash = "sha256:87e5be99ebc3bfa1dc70f31ba737dcdf9f6219570fa9a5729d0ff60134c7dc43"},
    {file = "ephem-4.1.5-cp36-cp36m-manylinux_2_17_s390x.manylinux2014_s390x.whl", hash = "sha256:261f82bd821cfbb8a056bb834da06d19d3afd3eb735c8cd549f775e45caef502"},
    {file = "ephem-4.1.5-cp36-cp36m-manylinux_2_17_x86_64.manylinux2014_x86_64.whl", hash = "sha256:cc612e5d1829f64a8db55d8b2566bef4ce479c1bbee110fedf3197170635f70c"},
    {file = "ephem-4.1.5-cp36-cp36m-musllinux_1_1_aarch64.whl", hash = "sha256:9fa8ee5d77a8a27a21d39142ee7c6332915b9e79a416a941cbc6f3db64c32cfe"},
    {file = "ephem-4.1.5-cp36-cp36m-musllinux_1_1_i686.whl", hash = "sha256:c109219a4728281dd4e8b1e9f449900d7a63e9400ef43c85151750d4725b0c9e"},
    {file = "ephem-4.1.5-cp36-cp36m-musllinux_1_1_s390x.whl", hash = "sha256:cf81a3bfa15d84871c4f87ecbf92280184ce96619cacdfe55f761d510a7f81db"},
    {file = "ephem-4.1.5-cp36-cp36m-musllinux_1_1_x86_64.whl", hash = "sha256:39dcc1b00882a2782771b12731a943706da8990c89be75caa294f0574cca661f"},
    {file = "ephem-4.1.5-cp36-cp36m-win32.whl", hash = "sha256:7b6384a032897d3e47da92ccc3348b74517c0dcf478a63b8cdedf69c177bccd2"},
    {file = "ephem-4.1.5-cp36-cp36m-win_amd64.whl", hash = "sha256:3bea9cb5a4a98d9c51430a395c4ad4f6307402fa7d3ffbe1bb28f7508e094dd3"},
    {file = "ephem-4.1.5-cp37-cp37m-macosx_10_9_x86_64.whl", hash = "sha256:cac6ed1664e7db22f3aadd8bc6b7afed191b8d5ce3aab9a00d719890a7c344d2"},
    {file = "ephem-4.1.5-cp37-cp37m-manylinux_2_12_i686.manylinux2010_i686.manylinux_2_17_i686.manylinux2014_i686.whl", hash = "sha256:02316f8ebb3f82273bc5fbb2970fd98bfb56ed8349197aff0f56c9b5fa04e47a"},
    {file = "ephem-4.1.5-cp37-cp37m-manylinux_2_17_aarch64.manylinux2014_aarch64.whl", hash = "sha256:6b044d4e3b11953b0543cbd10468bf84afaa840d165c6effbffff3c15d721234"},
    {file = "ephem-4.1.5-cp37-cp37m-manylinux_2_17_s390x.manylinux2014_s390x.whl", hash = "sha256:4a69b27eb82d7c0dccdd54e11ad27f3cadcddb02169a570ac7864dbaa9a10486"},
    {file = "ephem-4.1.5-cp37-cp37m-manylinux_2_17_x86_64.manylinux2014_x86_64.whl", hash = "sha256:9b01734c27ce38705418191322fd7bd0372d9709d326263991b1c7e1bc75a59f"},
    {file = "ephem-4.1.5-cp37-cp37m-musllinux_1_1_aarch64.whl", hash = "sha256:bcae4b30c4a7474cfc102610f23a4a114196c8d15165cbc0551fb0d542a768eb"},
    {file = "ephem-4.1.5-cp37-cp37m-musllinux_1_1_i686.whl", hash = "sha256:6fde92b6cc7837c141506a09f721f983e31b32785a9680f4d075be9763dc931b"},
    {file = "ephem-4.1.5-cp37-cp37m-musllinux_1_1_s390x.whl", hash = "sha256:0849f522d1ad4daac5407307be786a54283599cfe87f3fcfc677153db45d7e22"},
    {file = "ephem-4.1.5-cp37-cp37m-musllinux_1_1_x86_64.whl", hash = "sha256:82025d4a6d5f6d76a1f45b4eb940030be93e38a3ac3c589990172beac53c854e"},
    {file = "ephem-4.1.5-cp37-cp37m-win32.whl", hash = "sha256:d7c446228a8756fa39876701abf34d516cd9b49b867d52c2f661f1cf1d927335"},
    {file = "ephem-4.1.5-cp37-cp37m-win_amd64.whl", hash = "sha256:b1f509901dcf2b95cc175be39c90eb457e081f8ed9762f4aae74f45e092c7f8b"},
    {file = "ephem-4.1.5-cp38-cp38-macosx_10_9_x86_64.whl", hash = "sha256:8d1ca9cec961115a6197faee6ae2231bc76f9a7090bfdf759c810718c7715db9"},
    {file = "ephem-4.1.5-cp38-cp38-macosx_11_0_arm64.whl", hash = "sha256:3f95e89ab21e5214dbadfd41f9c94ce538bcd4411c18400cc638a00df728d67c"},
    {file = "ephem-4.1.5-cp38-cp38-manylinux_2_12_i686.manylinux2010_i686.manylinux_2_17_i686.manylinux2014_i686.whl", hash = "sha256:21e8239ec63c9c6a1ab4d8c578bf6b34c114a3754b80c2e02ce07de827925353"},
    {file = "ephem-4.1.5-cp38-cp38-manylinux_2_17_aarch64.manylinux2014_aarch64.whl", hash = "sha256:972ff0942ddf0f4ac5124bd974608b8371b22e84ab5ed49b4634455331f41987"},
    {file = "ephem-4.1.5-cp38-cp38-manylinux_2_17_s390x.manylinux2014_s390x.whl", hash = "sha256:bd85a8b5b20020e791273f9cfd80510e4f647c362e5a3b7aec2abcb604d8d02a"},
    {file = "ephem-4.1.5-cp38-cp38-manylinux_2_17_x86_64.manylinux2014_x86_64.whl", hash = "sha256:543ddd9e6bf573c24c1ccf30257ec655d8be00e28279fbdadbc774927d949663"},
    {file = "ephem-4.1.5-cp38-cp38-musllinux_1_1_aarch64.whl", hash = "sha256:beea8cccaf184cd2a16c091b0ce92293f1128e49fd43e3c81e79c9f8d051cea6"},
    {file = "ephem-4.1.5-cp38-cp38-musllinux_1_1_i686.whl", hash = "sha256:4f53899fbcdd14790b7a61aa70218337e1c6aabc26af99d2485ed6d98fec8cee"},
    {file = "ephem-4.1.5-cp38-cp38-musllinux_1_1_s390x.whl", hash = "sha256:3733d751c015d28bc043d543c47cee8d0a699a8330d3d34c9afdbd7e96310842"},
    {file = "ephem-4.1.5-cp38-cp38-musllinux_1_1_x86_64.whl", hash = "sha256:a7c904e6df8511bfad2a3119d2ba2333d94953d0d212b31725f4f749267f21cc"},
    {file = "ephem-4.1.5-cp38-cp38-win32.whl", hash = "sha256:3b46aa3f576d528a9dd4357b18c3e59308d0a1e537e45fe91df3753fa63100bf"},
    {file = "ephem-4.1.5-cp38-cp38-win_amd64.whl", hash = "sha256:37751e9bdb10ae109a2e7d7353911470ee5752f5caee4bbe0d764a39cdd57a5a"},
    {file = "ephem-4.1.5-cp39-cp39-macosx_10_9_x86_64.whl", hash = "sha256:fd76c85313b44e4a9b2e8a14f8e5ffbf43541b3cd023d623664f1dca8c8bf407"},
    {file = "ephem-4.1.5-cp39-cp39-macosx_11_0_arm64.whl", hash = "sha256:9b56f805aa26818e7efa46c2bf98417f677e4dc9ae1b6ef278747d823c7d4df6"},
    {file = "ephem-4.1.5-cp39-cp39-manylinux_2_12_i686.manylinux2010_i686.manylinux_2_17_i686.manylinux2014_i686.whl", hash = "sha256:4e9c15b5e5386cbee128737465ad7b042f57603c3e75bdbab84cd71b416127cf"},
    {file = "ephem-4.1.5-cp39-cp39-manylinux_2_17_aarch64.manylinux2014_aarch64.whl", hash = "sha256:c0f7f4a9de84a4ef8ce77ee980a963bb7725791caa3cb3389490ed35be1d06e8"},
    {file = "ephem-4.1.5-cp39-cp39-manylinux_2_17_s390x.manylinux2014_s390x.whl", hash = "sha256:2b38d0033f7e4ba6e2f5c9ecfc0827d619796ff182d98cc0adb62c6bce701fe0"},
    {file = "ephem-4.1.5-cp39-cp39-manylinux_2_17_x86_64.manylinux2014_x86_64.whl", hash = "sha256:fb55fc94512d0c46e610fa67af5fcad51e28aa2b30f7e88ef4cb38c7a443e81a"},
    {file = "ephem-4.1.5-cp39-cp39-musllinux_1_1_aarch64.whl", hash = "sha256:c4183bc20f5933c9fad3d754f9a9ac75dc9ea0d8c6a7faff63de5d28d6bf26d9"},
    {file = "ephem-4.1.5-cp39-cp39-musllinux_1_1_i686.whl", hash = "sha256:e067f98b6cd9da55a5de9ce7b2e1222574006b4c3083363eda507ce97ce9867b"},
    {file = "ephem-4.1.5-cp39-cp39-musllinux_1_1_s390x.whl", hash = "sha256:b5cf0e29657001482f3ed8eeaf1757c67b8d8fdc9c90e57b8d544fd1e7e4d6b3"},
    {file = "ephem-4.1.5-cp39-cp39-musllinux_1_1_x86_64.whl", hash = "sha256:a5058cfcf36643b11198d54266137d7db8476d66b2c9ff5e4e35638fc3254a2d"},
    {file = "ephem-4.1.5-cp39-cp39-win32.whl", hash = "sha256:c1eed128e5f6e551bc50cfaa87395cef7f03d65537fe4e8502704d200279e3b2"},
    {file = "ephem-4.1.5-cp39-cp39-win_amd64.whl", hash = "sha256:f4ff7153ac577cb336e08fdc7a76ac91185b2af5dae9ba3ae9d0e87af3ac35c3"},
    {file = "ephem-4.1.5.tar.gz", hash = "sha256:0c64a8aa401574c75942045b9af70d1656e14c5366151c0cbb400cbeedc2362a"},
]

[[package]]
name = "pillow"
version = "9.5.0"
description = "Python Imaging Library (Fork)"
category = "main"
optional = false
python-versions = ">=3.7"
files = [
    {file = "Pillow-9.5.0-cp310-cp310-macosx_10_10_x86_64.whl", hash = "sha256:ace6ca218308447b9077c14ea4ef381ba0b67ee78d64046b3f19cf4e1139ad16"},
    {file = "Pillow-9.5.0-cp310-cp310-macosx_11_0_arm64.whl", hash = "sha256:d3d403753c9d5adc04d4694d35cf0391f0f3d57c8e0030aac09d7678fa8030aa"},
    {file = "Pillow-9.5.0-cp310-cp310-manylinux_2_17_aarch64.manylinux2014_aarch64.whl", hash = "sha256:5ba1b81ee69573fe7124881762bb4cd2e4b6ed9dd28c9c60a632902fe8db8b38"},
    {file = "Pillow-9.5.0-cp310-cp310-manylinux_2_17_i686.manylinux2014_i686.whl", hash = "sha256:fe7e1c262d3392afcf5071df9afa574544f28eac825284596ac6db56e6d11062"},
    {file = "Pillow-9.5.0-cp310-cp310-manylinux_2_17_x86_64.manylinux2014_x86_64.whl", hash = "sha256:8f36397bf3f7d7c6a3abdea815ecf6fd14e7fcd4418ab24bae01008d8d8ca15e"},
    {file = "Pillow-9.5.0-cp310-cp310-manylinux_2_28_aarch64.whl", hash = "sha256:252a03f1bdddce077eff2354c3861bf437c892fb1832f75ce813ee94347aa9b5"},
    {file = "Pillow-9.5.0-cp310-cp310-manylinux_2_28_x86_64.whl", hash = "sha256:85ec677246533e27770b0de5cf0f9d6e4ec0c212a1f89dfc941b64b21226009d"},
    {file = "Pillow-9.5.0-cp310-cp310-musllinux_1_1_aarch64.whl", hash = "sha256:b416f03d37d27290cb93597335a2f85ed446731200705b22bb927405320de903"},
    {file = "Pillow-9.5.0-cp310-cp310-musllinux_1_1_x86_64.whl", hash = "sha256:1781a624c229cb35a2ac31cc4a77e28cafc8900733a864870c49bfeedacd106a"},
    {file = "Pillow-9.5.0-cp310-cp310-win32.whl", hash = "sha256:8507eda3cd0608a1f94f58c64817e83ec12fa93a9436938b191b80d9e4c0fc44"},
    {file = "Pillow-9.5.0-cp310-cp310-win_amd64.whl", hash = "sha256:d3c6b54e304c60c4181da1c9dadf83e4a54fd266a99c70ba646a9baa626819eb"},
    {file = "Pillow-9.5.0-cp311-cp311-macosx_10_10_x86_64.whl", hash = "sha256:7ec6f6ce99dab90b52da21cf0dc519e21095e332ff3b399a357c187b1a5eee32"},
    {file = "Pillow-9.5.0-cp311-cp311-macosx_11_0_arm64.whl", hash = "sha256:560737e70cb9c6255d6dcba3de6578a9e2ec4b573659943a5e7e4af13f298f5c"},
    {file = "Pillow-9.5.0-cp311-cp311-manylinux_2_17_aarch64.manylinux2014_aarch64.whl", hash = "sha256:96e88745a55b88a7c64fa49bceff363a1a27d9a64e04019c2281049444a571e3"},
    {file = "Pillow-9.5.0-cp311-cp311-manylinux_2_17_i686.manylinux2014_i686.whl", hash = "sha256:d9c206c29b46cfd343ea7cdfe1232443072bbb270d6a46f59c259460db76779a"},
    {file = "Pillow-9.5.0-cp311-cp311-manylinux_2_17_x86_64.manylinux2014_x86_64.whl", hash = "sha256:cfcc2c53c06f2ccb8976fb5c71d448bdd0a07d26d8e07e321c103416444c7ad1"},
    {file = "Pillow-9.5.0-cp311-cp311-manylinux_2_28_aarch64.whl", hash = "sha256:a0f9bb6c80e6efcde93ffc51256d5cfb2155ff8f78292f074f60f9e70b942d99"},
    {file = "Pillow-9.5.0-cp311-cp311-manylinux_2_28_x86_64.whl", hash = "sha256:8d935f924bbab8f0a9a28404422da8af4904e36d5c33fc6f677e4c4485515625"},
    {file = "Pillow-9.5.0-cp311-cp311-musllinux_1_1_aarch64.whl", hash = "sha256:fed1e1cf6a42577953abbe8e6cf2fe2f566daebde7c34724ec8803c4c0cda579"},
    {file = "Pillow-9.5.0-cp311-cp311-musllinux_1_1_x86_64.whl", hash = "sha256:c1170d6b195555644f0616fd6ed929dfcf6333b8675fcca044ae5ab110ded296"},
    {file = "Pillow-9.5.0-cp311-cp311-win32.whl", hash = "sha256:54f7102ad31a3de5666827526e248c3530b3a33539dbda27c6843d19d72644ec"},
    {file = "Pillow-9.5.0-cp311-cp311-win_amd64.whl", hash = "sha256:cfa4561277f677ecf651e2b22dc43e8f5368b74a25a8f7d1d4a3a243e573f2d4"},
    {file = "Pillow-9.5.0-cp311-cp311-win_arm64.whl", hash = "sha256:965e4a05ef364e7b973dd17fc765f42233415974d773e82144c9bbaaaea5d089"},
    {file = "Pillow-9.5.0-cp312-cp312-win32.whl", hash = "sha256:22baf0c3cf0c7f26e82d6e1adf118027afb325e703922c8dfc1d5d0156bb2eeb"},
    {file = "Pillow-9.5.0-cp312-cp312-win_amd64.whl", hash = "sha256:432b975c009cf649420615388561c0ce7cc31ce9b2e374db659ee4f7d57a1f8b"},
    {file = "Pillow-9.5.0-cp37-cp37m-macosx_10_10_x86_64.whl", hash = "sha256:5d4ebf8e1db4441a55c509c4baa7a0587a0210f7cd25fcfe74dbbce7a4bd1906"},
    {file = "Pillow-9.5.0-cp37-cp37m-manylinux_2_17_aarch64.manylinux2014_aarch64.whl", hash = "sha256:375f6e5ee9620a271acb6820b3d1e94ffa8e741c0601db4c0c4d3cb0a9c224bf"},
    {file = "Pillow-9.5.0-cp37-cp37m-manylinux_2_17_i686.manylinux2014_i686.whl", hash = "sha256:99eb6cafb6ba90e436684e08dad8be1637efb71c4f2180ee6b8f940739406e78"},
    {file = "Pillow-9.5.0-cp37-cp37m-manylinux_2_17_x86_64.manylinux2014_x86_64.whl", hash = "sha256:2dfaaf10b6172697b9bceb9a3bd7b951819d1ca339a5ef294d1f1ac6d7f63270"},
    {file = "Pillow-9.5.0-cp37-cp37m-manylinux_2_28_aarch64.whl", hash = "sha256:763782b2e03e45e2c77d7779875f4432e25121ef002a41829d8868700d119392"},
    {file = "Pillow-9.5.0-cp37-cp37m-manylinux_2_28_x86_64.whl", hash = "sha256:35f6e77122a0c0762268216315bf239cf52b88865bba522999dc38f1c52b9b47"},
    {file = "Pillow-9.5.0-cp37-cp37m-win32.whl", hash = "sha256:aca1c196f407ec7cf04dcbb15d19a43c507a81f7ffc45b690899d6a76ac9fda7"},
    {file = "Pillow-9.5.0-cp37-cp37m-win_amd64.whl", hash = "sha256:322724c0032af6692456cd6ed554bb85f8149214d97398bb80613b04e33769f6"},
    {file = "Pillow-9.5.0-cp38-cp38-macosx_10_10_x86_64.whl", hash = "sha256:a0aa9417994d91301056f3d0038af1199eb7adc86e646a36b9e050b06f526597"},
    {file = "Pillow-9.5.0-cp38-cp38-macosx_11_0_arm64.whl", hash = "sha256:f8286396b351785801a976b1e85ea88e937712ee2c3ac653710a4a57a8da5d9c"},
    {file = "Pillow-9.5.0-cp38-cp38-manylinux_2_17_aarch64.manylinux2014_aarch64.whl", hash = "sha256:c830a02caeb789633863b466b9de10c015bded434deb3ec87c768e53752ad22a"},
    {file = "Pillow-9.5.0-cp38-cp38-manylinux_2_17_i686.manylinux2014_i686.whl", hash = "sha256:fbd359831c1657d69bb81f0db962905ee05e5e9451913b18b831febfe0519082"},
    {file = "Pillow-9.5.0-cp38-cp38-manylinux_2_17_x86_64.manylinux2014_x86_64.whl", hash = "sha256:f8fc330c3370a81bbf3f88557097d1ea26cd8b019d6433aa59f71195f5ddebbf"},
    {file = "Pillow-9.5.0-cp38-cp38-manylinux_2_28_aarch64.whl", hash = "sha256:7002d0797a3e4193c7cdee3198d7c14f92c0836d6b4a3f3046a64bd1ce8df2bf"},
    {file = "Pillow-9.5.0-cp38-cp38-manylinux_2_28_x86_64.whl", hash = "sha256:229e2c79c00e85989a34b5981a2b67aa079fd08c903f0aaead522a1d68d79e51"},
    {file = "Pillow-9.5.0-cp38-cp38-musllinux_1_1_aarch64.whl", hash = "sha256:9adf58f5d64e474bed00d69bcd86ec4bcaa4123bfa70a65ce72e424bfb88ed96"},
    {file = "Pillow-9.5.0-cp38-cp38-musllinux_1_1_x86_64.whl", hash = "sha256:662da1f3f89a302cc22faa9f14a262c2e3951f9dbc9617609a47521c69dd9f8f"},
    {file = "Pillow-9.5.0-cp38-cp38-win32.whl", hash = "sha256:6608ff3bf781eee0cd14d0901a2b9cc3d3834516532e3bd673a0a204dc8615fc"},
    {file = "Pillow-9.5.0-cp38-cp38-win_amd64.whl", hash = "sha256:e49eb4e95ff6fd7c0c402508894b1ef0e01b99a44320ba7d8ecbabefddcc5569"},
    {file = "Pillow-9.5.0-cp39-cp39-macosx_10_10_x86_64.whl", hash = "sha256:482877592e927fd263028c105b36272398e3e1be3269efda09f6ba21fd83ec66"},
    {file = "Pillow-9.5.0-cp39-cp39-macosx_11_0_arm64.whl", hash = "sha256:3ded42b9ad70e5f1754fb7c2e2d6465a9c842e41d178f262e08b8c85ed8a1d8e"},
    {file = "Pillow-9.5.0-cp39-cp39-manylinux_2_17_aarch64.manylinux2014_aarch64.whl", hash = "sha256:c446d2245ba29820d405315083d55299a796695d747efceb5717a8b450324115"},
    {file = "Pillow-9.5.0-cp39-cp39-manylinux_2_17_i686.manylinux2014_i686.whl", hash = "sha256:8aca1152d93dcc27dc55395604dcfc55bed5f25ef4c98716a928bacba90d33a3"},
    {file = "Pillow-9.5.0-cp39-cp39-manylinux_2_17_x86_64.manylinux2014_x86_64.whl", hash = "sha256:608488bdcbdb4ba7837461442b90ea6f3079397ddc968c31265c1e056964f1ef"},
    {file = "Pillow-9.5.0-cp39-cp39-manylinux_2_28_aarch64.whl", hash = "sha256:60037a8db8750e474af7ffc9faa9b5859e6c6d0a50e55c45576bf28be7419705"},
    {file = "Pillow-9.5.0-cp39-cp39-manylinux_2_28_x86_64.whl", hash = "sha256:07999f5834bdc404c442146942a2ecadd1cb6292f5229f4ed3b31e0a108746b1"},
    {file = "Pillow-9.5.0-cp39-cp39-musllinux_1_1_aarch64.whl", hash = "sha256:a127ae76092974abfbfa38ca2d12cbeddcdeac0fb71f9627cc1135bedaf9d51a"},
    {file = "Pillow-9.5.0-cp39-cp39-musllinux_1_1_x86_64.whl", hash = "sha256:489f8389261e5ed43ac8ff7b453162af39c3e8abd730af8363587ba64bb2e865"},
    {file = "Pillow-9.5.0-cp39-cp39-win32.whl", hash = "sha256:9b1af95c3a967bf1da94f253e56b6286b50af23392a886720f563c547e48e964"},
    {file = "Pillow-9.5.0-cp39-cp39-win_amd64.whl", hash = "sha256:77165c4a5e7d5a284f10a6efaa39a0ae8ba839da344f20b111d62cc932fa4e5d"},
    {file = "Pillow-9.5.0-pp38-pypy38_pp73-macosx_10_10_x86_64.whl", hash = "sha256:833b86a98e0ede388fa29363159c9b1a294b0905b5128baf01db683672f230f5"},
    {file = "Pillow-9.5.0-pp38-pypy38_pp73-manylinux_2_17_i686.manylinux2014_i686.whl", hash = "sha256:aaf305d6d40bd9632198c766fb64f0c1a83ca5b667f16c1e79e1661ab5060140"},
    {file = "Pillow-9.5.0-pp38-pypy38_pp73-manylinux_2_17_x86_64.manylinux2014_x86_64.whl", hash = "sha256:0852ddb76d85f127c135b6dd1f0bb88dbb9ee990d2cd9aa9e28526c93e794fba"},
    {file = "Pillow-9.5.0-pp38-pypy38_pp73-manylinux_2_28_x86_64.whl", hash = "sha256:91ec6fe47b5eb5a9968c79ad9ed78c342b1f97a091677ba0e012701add857829"},
    {file = "Pillow-9.5.0-pp38-pypy38_pp73-win_amd64.whl", hash = "sha256:cb841572862f629b99725ebaec3287fc6d275be9b14443ea746c1dd325053cbd"},
    {file = "Pillow-9.5.0-pp39-pypy39_pp73-macosx_10_10_x86_64.whl", hash = "sha256:c380b27d041209b849ed246b111b7c166ba36d7933ec6e41175fd15ab9eb1572"},
    {file = "Pillow-9.5.0-pp39-pypy39_pp73-manylinux_2_17_i686.manylinux2014_i686.whl", hash = "sha256:7c9af5a3b406a50e313467e3565fc99929717f780164fe6fbb7704edba0cebbe"},
    {file = "Pillow-9.5.0-pp39-pypy39_pp73-manylinux_2_17_x86_64.manylinux2014_x86_64.whl", hash = "sha256:5671583eab84af046a397d6d0ba25343c00cd50bce03787948e0fff01d4fd9b1"},
    {file = "Pillow-9.5.0-pp39-pypy39_pp73-manylinux_2_28_x86_64.whl", hash = "sha256:84a6f19ce086c1bf894644b43cd129702f781ba5751ca8572f08aa40ef0ab7b7"},
    {file = "Pillow-9.5.0-pp39-pypy39_pp73-win_amd64.whl", hash = "sha256:1e7723bd90ef94eda669a3c2c19d549874dd5badaeefabefd26053304abe5799"},
    {file = "Pillow-9.5.0.tar.gz", hash = "sha256:bf548479d336726d7a0eceb6e767e179fbde37833ae42794602631a070d630f1"},
]

[package.extras]
docs = ["furo", "olefile", "sphinx (>=2.4)", "sphinx-copybutton", "sphinx-inline-tabs", "sphinx-removed-in", "sphinxext-opengraph"]
tests = ["check-manifest", "coverage", "defusedxml", "markdown2", "olefile", "packaging", "pyroma", "pytest", "pytest-cov", "pytest-timeout"]

[[package]]
name = "pymysql"
version = "1.1.0"
description = "Pure Python MySQL Driver"
category = "main"
optional = false
python-versions = ">=3.7"
files = [
    {file = "PyMySQL-1.1.0-py3-none-any.whl", hash = "sha256:8969ec6d763c856f7073c4c64662882675702efcb114b4bcbb955aea3a069fa7"},
    {file = "PyMySQL-1.1.0.tar.gz", hash = "sha256:4f13a7df8bf36a51e81dd9f3605fede45a4878fe02f9236349fd82a3f0612f96"},
]

[package.extras]
ed25519 = ["PyNaCl (>=1.4.0)"]
rsa = ["cryptography"]

[[package]]
name = "pyserial"
version = "3.5"
description = "Python Serial Port Extension"
category = "main"
optional = false
python-versions = "*"
files = [
    {file = "pyserial-3.5-py2.py3-none-any.whl", hash = "sha256:c4451db6ba391ca6ca299fb3ec7bae67a5c55dde170964c7a14ceefec02f2cf0"},
    {file = "pyserial-3.5.tar.gz", hash = "sha256:3c77e014170dfffbd816e6ffc205e9842efb10be9f58ec16d3e8675b4925cddb"},
]

[package.extras]
cp2110 = ["hidapi"]

[[package]]
name = "pyusb"
version = "1.2.1"
description = "Python USB access module"
category = "main"
optional = false
python-versions = ">=3.6.0"
files = [
    {file = "pyusb-1.2.1-py3-none-any.whl", hash = "sha256:2b4c7cb86dbadf044dfb9d3a4ff69fd217013dbe78a792177a3feb172449ea36"},
    {file = "pyusb-1.2.1.tar.gz", hash = "sha256:a4cc7404a203144754164b8b40994e2849fde1cfff06b08492f12fff9d9de7b9"},
]

[[package]]
name = "six"
version = "1.16.0"
description = "Python 2 and 3 compatibility utilities"
category = "main"
optional = false
python-versions = ">=2.7, !=3.0.*, !=3.1.*, !=3.2.*"
files = [
    {file = "six-1.16.0-py2.py3-none-any.whl", hash = "sha256:8abb2f1d86890a2dfb989f9a77cfcfd3e47c2a354b01111771326f8aa26e0254"},
    {file = "six-1.16.0.tar.gz", hash = "sha256:1e61c37477a1626458e36f7b1d82aa5c9b094fa4802892072e49de9c60c4c926"},
]

[metadata]
lock-version = "2.0"
python-versions = "^3.7"
content-hash = "11ab56a5d71e2112bd117d4f15bb14cf06627715eb77edfc136ca5f1ee447f50"
