# This file is automatically @generated by Poetry and should not be changed by hand.

[[package]]
name = "configobj"
version = "5.0.8"
description = "Config file reading, writing and validation."
category = "main"
optional = false
python-versions = ">=2.7, !=3.0.*, !=3.1.*, !=3.2.*, !=3.3.*, !=3.4.*"
files = [
    {file = "configobj-5.0.8-py2.py3-none-any.whl", hash = "sha256:a7a8c6ab7daade85c3f329931a807c8aee750a2494363934f8ea84d8a54c87ea"},
    {file = "configobj-5.0.8.tar.gz", hash = "sha256:6f704434a07dc4f4dc7c9a745172c1cad449feb548febd9f7fe362629c627a97"},
]

[package.dependencies]
six = "*"

[[package]]
name = "ct3"
version = "3.3.3"
description = "Cheetah is a template engine and code generation tool"
category = "main"
optional = false
python-versions = ">=2.7, !=3.0.*, !=3.1.*, !=3.2.*, !=3.3.*"
files = [
    {file = "CT3-3.3.3-cp27-cp27m-macosx_10_6_x86_64.whl", hash = "sha256:bcff08ccf08c4477a8709a05d54af9c2ede1a7c7836f082493d341fa112ef658"},
    {file = "CT3-3.3.3-cp27-cp27mu-manylinux_2_5_x86_64.manylinux1_x86_64.whl", hash = "sha256:4bd551058f6c6ba052b3ab809df4b5cd11ab8be3a496172ab9f5c3bdfe1ad205"},
    {file = "CT3-3.3.3-cp310-cp310-macosx_10_9_x86_64.whl", hash = "sha256:526aafb89fe4438eb75737d095fc2421fe57ee57b2ff96d8d8d1119c9049d5e4"},
    {file = "CT3-3.3.3-cp310-cp310-manylinux_2_5_x86_64.manylinux1_x86_64.whl", hash = "sha256:9c98988f2ebacafba7c55db44f043d2b059dcec1e89faad60d362420864fb56b"},
    {file = "CT3-3.3.3-cp310-cp310-win_amd64.whl", hash = "sha256:2853607288223781d1b245d97cc8d412936f83ad6f89885fc3c9ce0588ec154a"},
    {file = "CT3-3.3.3-cp311-cp311-macosx_10_9_x86_64.whl", hash = "sha256:acb7b38ebbf2f7062287a0e6a521e8cdda194b68d337f8301ec785799112eb49"},
    {file = "CT3-3.3.3-cp311-cp311-manylinux_2_5_x86_64.manylinux1_x86_64.whl", hash = "sha256:44e9a055574de6af5908f8b8c4d1cf62a78f43b72d415e9765fcae468cff48d7"},
    {file = "CT3-3.3.3-cp311-cp311-win_amd64.whl", hash = "sha256:232cf77df8c4bec5c9d025dbd2e1fbdd12547e26f7f6ea62a4b43702725518e0"},
    {file = "CT3-3.3.3-cp312-cp312-macosx_10_9_x86_64.whl", hash = "sha256:bae62162c27fd615add57e47ec5587d41fb10f022d45b283d7973744cc4928c0"},
    {file = "CT3-3.3.3-cp312-cp312-manylinux_2_5_x86_64.manylinux1_x86_64.whl", hash = "sha256:22097660706d047eee00842406d3aea04bc3a4b1f22c841cb49cc508ce5da07b"},
    {file = "CT3-3.3.3-cp312-cp312-win_amd64.whl", hash = "sha256:ad296aba70a71f3c6fc0885d35085e3dbda5abdf750bbcec04e1e2fbc41d3dd1"},
    {file = "CT3-3.3.3-cp35-cp35m-macosx_10_9_x86_64.whl", hash = "sha256:774142aeb1c6cbf38dfd865a0d4527019aa3feda045b4db704d44fe5a6d33a59"},
    {file = "CT3-3.3.3-cp35-cp35m-manylinux1_x86_64.whl", hash = "sha256:32ebd360162a1aaf483a803ff3e20fe8e99e6b5e364ad1a2ec93a44e7ef949e4"},
    {file = "CT3-3.3.3-cp35-cp35m-win_amd64.whl", hash = "sha256:d1c27fbdb733e25b6cd5bdc87071e3332aba6e0b8bb1d245d94ad8be48db32ea"},
    {file = "CT3-3.3.3-cp36-cp36m-macosx_10_7_x86_64.whl", hash = "sha256:f52944b394b27129348056030c40a2398882dc06a1b0bcd90218acd40e06ed73"},
    {file = "CT3-3.3.3-cp36-cp36m-manylinux_2_5_x86_64.manylinux1_x86_64.whl", hash = "sha256:ffeaed89384f85d5758d715d8f3bbd97ffef864f62ad53355d5a6b05a609866c"},
    {file = "CT3-3.3.3-cp36-cp36m-win_amd64.whl", hash = "sha256:694c54e1c48293555910d8d11291f6c6fa2a5fb236197db0c31c0d156be28ac8"},
    {file = "CT3-3.3.3-cp37-cp37m-macosx_10_9_x86_64.whl", hash = "sha256:e4e17ff1bea90cf0a4e3ee3ef48274f6fe2149d5526578acad66576b84d8a3e9"},
    {file = "CT3-3.3.3-cp37-cp37m-manylinux_2_5_x86_64.manylinux1_x86_64.whl", hash = "sha256:2f24442c56538f236799142c3aa57bb4cc42c93f32e7b9895f8c278fab836d9b"},
    {file = "CT3-3.3.3-cp37-cp37m-win_amd64.whl", hash = "sha256:3156a352272470b8d2749fd1f08ad156b7c4b671597581746e0d6fe6d4cc446d"},
    {file = "CT3-3.3.3-cp38-cp38-macosx_10_9_x86_64.whl", hash = "sha256:505c0b4391ca299a28468cc281ef76de901fdabd640e6b72a7799b988d1fdfa6"},
    {file = "CT3-3.3.3-cp38-cp38-manylinux_2_5_x86_64.manylinux1_x86_64.whl", hash = "sha256:a8d6b4676c11a0d9e7a554297d2c74c2a88f0eda1b33cb5305d5dde6cd94be3f"},
    {file = "CT3-3.3.3-cp38-cp38-win_amd64.whl", hash = "sha256:c69e76902c751938e7c6b3ec9e8678046d9a78e54b96461e88b670e8b25f070e"},
    {file = "CT3-3.3.3-cp39-cp39-macosx_10_9_x86_64.whl", hash = "sha256:e0e00e9a1086b8b7aa340e0aafd508c92bb1f39b97a9d1c8d4dd1eaa548efdc3"},
    {file = "CT3-3.3.3-cp39-cp39-manylinux_2_5_x86_64.manylinux1_x86_64.whl", hash = "sha256:cde30b9b584aad1f97b7c4e228a5acc21cb01316ec51ae224c55342544310101"},
    {file = "CT3-3.3.3-cp39-cp39-win_amd64.whl", hash = "sha256:da06a9bee3dcc5ab045d15e966b79494a2fb59ada1d078f9183614101b2804fe"},
    {file = "CT3-3.3.3-py2-none-any.whl", hash = "sha256:7608035bdebc970d034a3c9503c41e023ab21f5e3f53bc1845e85740b73e6fe9"},
    {file = "CT3-3.3.3.tar.gz", hash = "sha256:32b6edf228d1243787a67d3731ce4c26a05bc9a3c9458e893573d700eecc6c5c"},
]

[package.extras]
filters = ["markdown"]
markdown = ["markdown"]

[[package]]
name = "ephem"
version = "4.1.5"
description = "Compute positions of the planets and stars"
category = "main"
optional = false
python-versions = "*"
files = [
    {file = "ephem-4.1.5-cp310-cp310-macosx_10_9_x86_64.whl", hash = "sha256:0796dbcd24f76af0e81c22e1f709b42873ef81d2c4dfa962f8d346f11489785d"},
    {file = "ephem-4.1.5-cp310-cp310-macosx_11_0_arm64.whl", hash = "sha256:0266cf69d594bd94034bd13c18dbcef13b301acd7357d7cf7d1bb8acaf7f00b4"},
    {file = "ephem-4.1.5-cp310-cp310-manylinux_2_12_i686.manylinux2010_i686.manylinux_2_17_i686.manylinux2014_i686.whl", hash = "sha256:3db8d53a37c772e1b132f5ed3535027d73e8dca4ead99a7563f09c4308996b63"},
    {file = "ephem-4.1.5-cp310-cp310-manylinux_2_17_aarch64.manylinux2014_aarch64.whl", hash = "sha256:1c6e7523d8856caa4ac53db1988693ce7a516fb25c1cd3c74a3472f951691c0e"},
    {file = "ephem-4.1.5-cp310-cp310-manylinux_2_17_s390x.manylinux2014_s390x.whl", hash = "sha256:203bd3f00c49012bd07eb2627bcf9538f608b3431cb8053a7d3115e1df396312"},
    {file = "ephem-4.1.5-cp310-cp310-manylinux_2_17_x86_64.manylinux2014_x86_64.whl", hash = "sha256:ec7ddf15c319a83fb5dadff58bb6e5fbcaff09338f5c2a1b2c7b1445b87002b5"},
    {file = "ephem-4.1.5-cp310-cp310-musllinux_1_1_aarch64.whl", hash = "sha256:13f800e03aad215ae6a4217122e64d0ce90e914574f8b5afa381d81dad0eecaa"},
    {file = "ephem-4.1.5-cp310-cp310-musllinux_1_1_i686.whl", hash = "sha256:83921b341b4f4725e59c1463b9613f3fd3991392e17904170b146f5d6945afcb"},
    {file = "ephem-4.1.5-cp310-cp310-musllinux_1_1_s390x.whl", hash = "sha256:6219412800138f489733cb3a8b4fab0a8b3ef2dd5ec143aff35950dca9a71c36"},
    {file = "ephem-4.1.5-cp310-cp310-musllinux_1_1_x86_64.whl", hash = "sha256:b95bf8c92a5eae665d63371440b93778b2508ad448907d12f72ed6ed08ea476c"},
    {file = "ephem-4.1.5-cp310-cp310-win32.whl", hash = "sha256:afefe022448f09c3e15472bd3ad30fa4824f8c4a9de65216b9952b9dfcec8750"},
    {file = "ephem-4.1.5-cp310-cp310-win_amd64.whl", hash = "sha256:53df72aa3e2f1359ed56587b1930d0030fec030db71744564a83c10ea54316a7"},
    {file = "ephem-4.1.5-cp311-cp311-macosx_10_9_x86_64.whl", hash = "sha256:b3e385d8447d908be6dd8c53c4452fee7d61040c9b6bb5a60195b57c85545ca6"},
    {file = "ephem-4.1.5-cp311-cp311-macosx_11_0_arm64.whl", hash = "sha256:be6c4ced150d79ab6b5ff3bb7545fee26cf7f4f64ccf476a14850a63bbf125e7"},
    {file = "ephem-4.1.5-cp311-cp311-manylinux_2_12_i686.manylinux2010_i686.manylinux_2_17_i686.manylinux2014_i686.whl", hash = "sha256:4c8a70e36632e88227c4ba8184fd91dbd32d0140f799202b5fb8510508f4c8e4"},
    {file = "ephem-4.1.5-cp311-cp311-manylinux_2_17_aarch64.manylinux2014_aarch64.whl", hash = "sha256:9ee2a4966167a0300db2c9155e4b64fc1a6bb67ca869659d4c0342869c44d4f3"},
    {file = "ephem-4.1.5-cp311-cp311-manylinux_2_17_s390x.manylinux2014_s390x.whl", hash = "sha256:b45b9b15e65c7f26c1342b70e06e49bd83a9c527affe9de0fb5953a3a25a0cda"},
    {file = "ephem-4.1.5-cp311-cp311-manylinux_2_17_x86_64.manylinux2014_x86_64.whl", hash = "sha256:e21a8120569f315ce181f2e654528cd10c18cb92382248de90574effed57d227"},
    {file = "ephem-4.1.5-cp311-cp311-musllinux_1_1_aarch64.whl", hash = "sha256:864d6aba1699f26e7768ed424d5218396300dce6d8deccb1c97164a424343675"},
    {file = "ephem-4.1.5-cp311-cp311-musllinux_1_1_i686.whl", hash = "sha256:8f8f5dd5b1343dc77ea891ab423677a631fd7b820bbbeac7ec53ee332e8a4ca5"},
    {file = "ephem-4.1.5-cp311-cp311-musllinux_1_1_s390x.whl", hash = "sha256:8a2347ad88aad026dff6f00b931bd2b0d6b4f184bf65ffd4b62f557526bf335d"},
    {file = "ephem-4.1.5-cp311-cp311-musllinux_1_1_x86_64.whl", hash = "sha256:5496ebc21b2873e986836ad0756818bee80ed6deee58e1167a9876e4a64f0bbf"},
    {file = "ephem-4.1.5-cp311-cp311-win32.whl", hash = "sha256:f319ca58ee2ee27c18e42657ad8d3d1b0251dd369c9fd60af45b2bc2c42ded0a"},
    {file = "ephem-4.1.5-cp311-cp311-win_amd64.whl", hash = "sha256:cc6a49fd3250cf67305230da962d779632b13da2a8fae5c383e973fa113baa97"},
    {file = "ephem-4.1.5-cp312-cp312-macosx_10_9_x86_64.whl", hash = "sha256:51c17c62b031ec246546aa482d98e9a5573405385eb7adf7154f5a1af309ac8a"},
    {file = "ephem-4.1.5-cp312-cp312-macosx_11_0_arm64.whl", hash = "sha256:ff1436219d2dad1433c5f0a61f3a947ab6d4c622cc6a90d7cb5c2e28a8669fba"},
    {file = "ephem-4.1.5-cp312-cp312-manylinux_2_12_i686.manylinux2010_i686.manylinux_2_17_i686.manylinux2014_i686.whl", hash = "sha256:9495d515a6f49bd7a90f58320af1a95e4c3ab89307fbf31045cf05570f779eaf"},
    {file = "ephem-4.1.5-cp312-cp312-manylinux_2_17_aarch64.manylinux2014_aarch64.whl", hash = "sha256:7952e8b54c771be6a58ce9aca91d729bcdace2293c68fe825df3433995aedafc"},
    {file = "ephem-4.1.5-cp312-cp312-manylinux_2_17_s390x.manylinux2014_s390x.whl", hash = "sha256:1e99ba9fbd5c136fc18b94fe5e709a7c4a19f13ed1c6a16bdec448cbd7d1bcb1"},
    {file = "ephem-4.1.5-cp312-cp312-manylinux_2_17_x86_64.manylinux2014_x86_64.whl", hash = "sha256:9d2922e6cb66434e9edd3764b103b6bdd394a701bd39395c46f0a7751b9829ee"},
    {file = "ephem-4.1.5-cp312-cp312-musllinux_1_1_aarch64.whl", hash = "sha256:692f8dea9e91447c6406e9ee7001075d5794948677f5f8ee4601c146509b15b1"},
    {file = "ephem-4.1.5-cp312-cp312-musllinux_1_1_i686.whl", hash = "sha256:7122f46a0ce2c2551360bf43b693a3f1f543c0aa6e736b2513bc3203df27df7c"},
    {file = "ephem-4.1.5-cp312-cp312-musllinux_1_1_s390x.whl", hash = "sha256:a68dd823d823ace3ecd94b3cf926d51ae8aa88ce248159850a8db45547720843"},
    {file = "ephem-4.1.5-cp312-cp312-musllinux_1_1_x86_64.whl", hash = "sha256:cf745e4f02455d6c0f1d85a61206c420ee2c909b392266109e2da2d3a8c023db"},
    {file = "ephem-4.1.5-cp312-cp312-win32.whl", hash = "sha256:e1772852072727e848b5fe035ce7d9dc4662c1baffbd9e4cd7467ecf384db1d9"},
    {file = "ephem-4.1.5-cp312-cp312-win_amd64.whl", hash = "sha256:fd984e38c5078be8cb881ed75c69b2204a1d7fd2230571fc92112edfc5362bf6"},
    {file = "ephem-4.1.5-cp36-cp36m-macosx_10_9_x86_64.whl", hash = "sha256:740a5950b31ac9a7ca40a95b7cfb1678e747e860f77ac0030984c10dc5464e7f"},
    {file = "ephem-4.1.5-cp36-cp36m-manylinux_2_12_i686.manylinux2010_i686.manylinux_2_17_i686.manylinux2014_i686.whl", hash = "sha256:faf5b786ed28e7d00704d2cf3862dec75223790ed800c285a91acfa538b1755c"},
    {file = "ephem-4.1.5-cp36-cp36m-manylinux_2_17_aarch64.manylinux2014_aarch64.whl", hash = "sha256:87e5be99ebc3bfa1dc70f31ba737dcdf9f6219570fa9a5729d0ff60134c7dc43"},
    {file = "ephem-4.1.5-cp36-cp36m-manylinux_2_17_s390x.manylinux2014_s390x.whl", hash = "sha256:261f82bd821cfbb8a056bb834da06d19d3afd3eb735c8cd549f775e45caef502"},
    {file = "ephem-4.1.5-cp36-cp36m-manylinux_2_17_x86_64.manylinux2014_x86_64.whl", hash = "sha256:cc612e5d1829f64a8db55d8b2566bef4ce479c1bbee110fedf3197170635f70c"},
    {file = "ephem-4.1.5-cp36-cp36m-musllinux_1_1_aarch64.whl", hash = "sha256:9fa8ee5d77a8a27a21d39142ee7c6332915b9e79a416a941cbc6f3db64c32cfe"},
    {file = "ephem-4.1.5-cp36-cp36m-musllinux_1_1_i686.whl", hash = "sha256:c109219a4728281dd4e8b1e9f449900d7a63e9400ef43c85151750d4725b0c9e"},
    {file = "ephem-4.1.5-cp36-cp36m-musllinux_1_1_s390x.whl", hash = "sha256:cf81a3bfa15d84871c4f87ecbf92280184ce96619cacdfe55f761d510a7f81db"},
    {file = "ephem-4.1.5-cp36-cp36m-musllinux_1_1_x86_64.whl", hash = "sha256:39dcc1b00882a2782771b12731a943706da8990c89be75caa294f0574cca661f"},
    {file = "ephem-4.1.5-cp36-cp36m-win32.whl", hash = "sha256:7b6384a032897d3e47da92ccc3348b74517c0dcf478a63b8cdedf69c177bccd2"},
    {file = "ephem-4.1.5-cp36-cp36m-win_amd64.whl", hash = "sha256:3bea9cb5a4a98d9c51430a395c4ad4f6307402fa7d3ffbe1bb28f7508e094dd3"},
    {file = "ephem-4.1.5-cp37-cp37m-macosx_10_9_x86_64.whl", hash = "sha256:cac6ed1664e7db22f3aadd8bc6b7afed191b8d5ce3aab9a00d719890a7c344d2"},
    {file = "ephem-4.1.5-cp37-cp37m-manylinux_2_12_i686.manylinux2010_i686.manylinux_2_17_i686.manylinux2014_i686.whl", hash = "sha256:02316f8ebb3f82273bc5fbb2970fd98bfb56ed8349197aff0f56c9b5fa04e47a"},
    {file = "ephem-4.1.5-cp37-cp37m-manylinux_2_17_aarch64.manylinux2014_aarch64.whl", hash = "sha256:6b044d4e3b11953b0543cbd10468bf84afaa840d165c6effbffff3c15d721234"},
    {file = "ephem-4.1.5-cp37-cp37m-manylinux_2_17_s390x.manylinux2014_s390x.whl", hash = "sha256:4a69b27eb82d7c0dccdd54e11ad27f3cadcddb02169a570ac7864dbaa9a10486"},
    {file = "ephem-4.1.5-cp37-cp37m-manylinux_2_17_x86_64.manylinux2014_x86_64.whl", hash = "sha256:9b01734c27ce38705418191322fd7bd0372d9709d326263991b1c7e1bc75a59f"},
    {file = "ephem-4.1.5-cp37-cp37m-musllinux_1_1_aarch64.whl", hash = "sha256:bcae4b30c4a7474cfc102610f23a4a114196c8d15165cbc0551fb0d542a768eb"},
    {file = "ephem-4.1.5-cp37-cp37m-musllinux_1_1_i686.whl", hash = "sha256:6fde92b6cc7837c141506a09f721f983e31b32785a9680f4d075be9763dc931b"},
    {file = "ephem-4.1.5-cp37-cp37m-musllinux_1_1_s390x.whl", hash = "sha256:0849f522d1ad4daac5407307be786a54283599cfe87f3fcfc677153db45d7e22"},
    {file = "ephem-4.1.5-cp37-cp37m-musllinux_1_1_x86_64.whl", hash = "sha256:82025d4a6d5f6d76a1f45b4eb940030be93e38a3ac3c589990172beac53c854e"},
    {file = "ephem-4.1.5-cp37-cp37m-win32.whl", hash = "sha256:d7c446228a8756fa39876701abf34d516cd9b49b867d52c2f661f1cf1d927335"},
    {file = "ephem-4.1.5-cp37-cp37m-win_amd64.whl", hash = "sha256:b1f509901dcf2b95cc175be39c90eb457e081f8ed9762f4aae74f45e092c7f8b"},
    {file = "ephem-4.1.5-cp38-cp38-macosx_10_9_x86_64.whl", hash = "sha256:8d1ca9cec961115a6197faee6ae2231bc76f9a7090bfdf759c810718c7715db9"},
    {file = "ephem-4.1.5-cp38-cp38-macosx_11_0_arm64.whl", hash = "sha256:3f95e89ab21e5214dbadfd41f9c94ce538bcd4411c18400cc638a00df728d67c"},
    {file = "ephem-4.1.5-cp38-cp38-manylinux_2_12_i686.manylinux2010_i686.manylinux_2_17_i686.manylinux2014_i686.whl", hash = "sha256:21e8239ec63c9c6a1ab4d8c578bf6b34c114a3754b80c2e02ce07de827925353"},
    {file = "ephem-4.1.5-cp38-cp38-manylinux_2_17_aarch64.manylinux2014_aarch64.whl", hash = "sha256:972ff0942ddf0f4ac5124bd974608b8371b22e84ab5ed49b4634455331f41987"},
    {file = "ephem-4.1.5-cp38-cp38-manylinux_2_17_s390x.manylinux2014_s390x.whl", hash = "sha256:bd85a8b5b20020e791273f9cfd80510e4f647c362e5a3b7aec2abcb604d8d02a"},
    {file = "ephem-4.1.5-cp38-cp38-manylinux_2_17_x86_64.manylinux2014_x86_64.whl", hash = "sha256:543ddd9e6bf573c24c1ccf30257ec655d8be00e28279fbdadbc774927d949663"},
    {file = "ephem-4.1.5-cp38-cp38-musllinux_1_1_aarch64.whl", hash = "sha256:beea8cccaf184cd2a16c091b0ce92293f1128e49fd43e3c81e79c9f8d051cea6"},
    {file = "ephem-4.1.5-cp38-cp38-musllinux_1_1_i686.whl", hash = "sha256:4f53899fbcdd14790b7a61aa70218337e1c6aabc26af99d2485ed6d98fec8cee"},
    {file = "ephem-4.1.5-cp38-cp38-musllinux_1_1_s390x.whl", hash = "sha256:3733d751c015d28bc043d543c47cee8d0a699a8330d3d34c9afdbd7e96310842"},
    {file = "ephem-4.1.5-cp38-cp38-musllinux_1_1_x86_64.whl", hash = "sha256:a7c904e6df8511bfad2a3119d2ba2333d94953d0d212b31725f4f749267f21cc"},
    {file = "ephem-4.1.5-cp38-cp38-win32.whl", hash = "sha256:3b46aa3f576d528a9dd4357b18c3e59308d0a1e537e45fe91df3753fa63100bf"},
    {file = "ephem-4.1.5-cp38-cp38-win_amd64.whl", hash = "sha256:37751e9bdb10ae109a2e7d7353911470ee5752f5caee4bbe0d764a39cdd57a5a"},
    {file = "ephem-4.1.5-cp39-cp39-macosx_10_9_x86_64.whl", hash = "sha256:fd76c85313b44e4a9b2e8a14f8e5ffbf43541b3cd023d623664f1dca8c8bf407"},
    {file = "ephem-4.1.5-cp39-cp39-macosx_11_0_arm64.whl", hash = "sha256:9b56f805aa26818e7efa46c2bf98417f677e4dc9ae1b6ef278747d823c7d4df6"},
    {file = "ephem-4.1.5-cp39-cp39-manylinux_2_12_i686.manylinux2010_i686.manylinux_2_17_i686.manylinux2014_i686.whl", hash = "sha256:4e9c15b5e5386cbee128737465ad7b042f57603c3e75bdbab84cd71b416127cf"},
    {file = "ephem-4.1.5-cp39-cp39-manylinux_2_17_aarch64.manylinux2014_aarch64.whl", hash = "sha256:c0f7f4a9de84a4ef8ce77ee980a963bb7725791caa3cb3389490ed35be1d06e8"},
    {file = "ephem-4.1.5-cp39-cp39-manylinux_2_17_s390x.manylinux2014_s390x.whl", hash = "sha256:2b38d0033f7e4ba6e2f5c9ecfc0827d619796ff182d98cc0adb62c6bce701fe0"},
    {file = "ephem-4.1.5-cp39-cp39-manylinux_2_17_x86_64.manylinux2014_x86_64.whl", hash = "sha256:fb55fc94512d0c46e610fa67af5fcad51e28aa2b30f7e88ef4cb38c7a443e81a"},
    {file = "ephem-4.1.5-cp39-cp39-musllinux_1_1_aarch64.whl", hash = "sha256:c4183bc20f5933c9fad3d754f9a9ac75dc9ea0d8c6a7faff63de5d28d6bf26d9"},
    {file = "ephem-4.1.5-cp39-cp39-musllinux_1_1_i686.whl", hash = "sha256:e067f98b6cd9da55a5de9ce7b2e1222574006b4c3083363eda507ce97ce9867b"},
    {file = "ephem-4.1.5-cp39-cp39-musllinux_1_1_s390x.whl", hash = "sha256:b5cf0e29657001482f3ed8eeaf1757c67b8d8fdc9c90e57b8d544fd1e7e4d6b3"},
    {file = "ephem-4.1.5-cp39-cp39-musllinux_1_1_x86_64.whl", hash = "sha256:a5058cfcf36643b11198d54266137d7db8476d66b2c9ff5e4e35638fc3254a2d"},
    {file = "ephem-4.1.5-cp39-cp39-win32.whl", hash = "sha256:c1eed128e5f6e551bc50cfaa87395cef7f03d65537fe4e8502704d200279e3b2"},
    {file = "ephem-4.1.5-cp39-cp39-win_amd64.whl", hash = "sha256:f4ff7153ac577cb336e08fdc7a76ac91185b2af5dae9ba3ae9d0e87af3ac35c3"},
    {file = "ephem-4.1.5.tar.gz", hash = "sha256:0c64a8aa401574c75942045b9af70d1656e14c5366151c0cbb400cbeedc2362a"},
]

[[package]]
name = "importlib-resources"
version = "5.4.0"
description = "Read resources from Python packages"
category = "main"
optional = false
python-versions = ">=3.6"
files = [
    {file = "importlib_resources-5.4.0-py3-none-any.whl", hash = "sha256:33a95faed5fc19b4bc16b29a6eeae248a3fe69dd55d4d229d2b480e23eeaad45"},
    {file = "importlib_resources-5.4.0.tar.gz", hash = "sha256:d756e2f85dd4de2ba89be0b21dba2a3bbec2e871a42a3a16719258a11f87506b"},
]

[package.dependencies]
zipp = {version = ">=3.1.0", markers = "python_version < \"3.10\""}

[package.extras]
docs = ["jaraco.packaging (>=8.2)", "rst.linker (>=1.9)", "sphinx"]
testing = ["pytest (>=6)", "pytest-black (>=0.3.7)", "pytest-checkdocs (>=2.4)", "pytest-cov", "pytest-enabler (>=1.0.1)", "pytest-flake8", "pytest-mypy"]

[[package]]
name = "pillow"
version = "8.4.0"
description = "Python Imaging Library (Fork)"
category = "main"
optional = false
python-versions = ">=3.6"
files = [
    {file = "Pillow-8.4.0-cp310-cp310-macosx_10_10_universal2.whl", hash = "sha256:81f8d5c81e483a9442d72d182e1fb6dcb9723f289a57e8030811bac9ea3fef8d"},
    {file = "Pillow-8.4.0-cp310-cp310-macosx_11_0_arm64.whl", hash = "sha256:3f97cfb1e5a392d75dd8b9fd274d205404729923840ca94ca45a0af57e13dbe6"},
    {file = "Pillow-8.4.0-cp310-cp310-manylinux_2_17_aarch64.manylinux2014_aarch64.whl", hash = "sha256:eb9fc393f3c61f9054e1ed26e6fe912c7321af2f41ff49d3f83d05bacf22cc78"},
    {file = "Pillow-8.4.0-cp310-cp310-manylinux_2_17_i686.manylinux2014_i686.whl", hash = "sha256:d82cdb63100ef5eedb8391732375e6d05993b765f72cb34311fab92103314649"},
    {file = "Pillow-8.4.0-cp310-cp310-manylinux_2_17_x86_64.manylinux2014_x86_64.whl", hash = "sha256:62cc1afda735a8d109007164714e73771b499768b9bb5afcbbee9d0ff374b43f"},
    {file = "Pillow-8.4.0-cp310-cp310-win32.whl", hash = "sha256:e3dacecfbeec9a33e932f00c6cd7996e62f53ad46fbe677577394aaa90ee419a"},
    {file = "Pillow-8.4.0-cp310-cp310-win_amd64.whl", hash = "sha256:620582db2a85b2df5f8a82ddeb52116560d7e5e6b055095f04ad828d1b0baa39"},
    {file = "Pillow-8.4.0-cp36-cp36m-macosx_10_10_x86_64.whl", hash = "sha256:1bc723b434fbc4ab50bb68e11e93ce5fb69866ad621e3c2c9bdb0cd70e345f55"},
    {file = "Pillow-8.4.0-cp36-cp36m-manylinux_2_17_aarch64.manylinux2014_aarch64.whl", hash = "sha256:72cbcfd54df6caf85cc35264c77ede902452d6df41166010262374155947460c"},
    {file = "Pillow-8.4.0-cp36-cp36m-manylinux_2_17_i686.manylinux2014_i686.whl", hash = "sha256:70ad9e5c6cb9b8487280a02c0ad8a51581dcbbe8484ce058477692a27c151c0a"},
    {file = "Pillow-8.4.0-cp36-cp36m-manylinux_2_17_x86_64.manylinux2014_x86_64.whl", hash = "sha256:25a49dc2e2f74e65efaa32b153527fc5ac98508d502fa46e74fa4fd678ed6645"},
    {file = "Pillow-8.4.0-cp36-cp36m-win32.whl", hash = "sha256:93ce9e955cc95959df98505e4608ad98281fff037350d8c2671c9aa86bcf10a9"},
    {file = "Pillow-8.4.0-cp36-cp36m-win_amd64.whl", hash = "sha256:2e4440b8f00f504ee4b53fe30f4e381aae30b0568193be305256b1462216feff"},
    {file = "Pillow-8.4.0-cp37-cp37m-macosx_10_10_x86_64.whl", hash = "sha256:8c803ac3c28bbc53763e6825746f05cc407b20e4a69d0122e526a582e3b5e153"},
    {file = "Pillow-8.4.0-cp37-cp37m-manylinux_2_17_aarch64.manylinux2014_aarch64.whl", hash = "sha256:c8a17b5d948f4ceeceb66384727dde11b240736fddeda54ca740b9b8b1556b29"},
    {file = "Pillow-8.4.0-cp37-cp37m-manylinux_2_17_i686.manylinux2014_i686.whl", hash = "sha256:1394a6ad5abc838c5cd8a92c5a07535648cdf6d09e8e2d6df916dfa9ea86ead8"},
    {file = "Pillow-8.4.0-cp37-cp37m-manylinux_2_17_x86_64.manylinux2014_x86_64.whl", hash = "sha256:792e5c12376594bfcb986ebf3855aa4b7c225754e9a9521298e460e92fb4a488"},
    {file = "Pillow-8.4.0-cp37-cp37m-win32.whl", hash = "sha256:d99ec152570e4196772e7a8e4ba5320d2d27bf22fdf11743dd882936ed64305b"},
    {file = "Pillow-8.4.0-cp37-cp37m-win_amd64.whl", hash = "sha256:7b7017b61bbcdd7f6363aeceb881e23c46583739cb69a3ab39cb384f6ec82e5b"},
    {file = "Pillow-8.4.0-cp38-cp38-macosx_10_10_x86_64.whl", hash = "sha256:d89363f02658e253dbd171f7c3716a5d340a24ee82d38aab9183f7fdf0cdca49"},
    {file = "Pillow-8.4.0-cp38-cp38-macosx_11_0_arm64.whl", hash = "sha256:0a0956fdc5defc34462bb1c765ee88d933239f9a94bc37d132004775241a7585"},
    {file = "Pillow-8.4.0-cp38-cp38-manylinux_2_17_aarch64.manylinux2014_aarch64.whl", hash = "sha256:5b7bb9de00197fb4261825c15551adf7605cf14a80badf1761d61e59da347779"},
    {file = "Pillow-8.4.0-cp38-cp38-manylinux_2_17_i686.manylinux2014_i686.whl", hash = "sha256:72b9e656e340447f827885b8d7a15fc8c4e68d410dc2297ef6787eec0f0ea409"},
    {file = "Pillow-8.4.0-cp38-cp38-manylinux_2_17_x86_64.manylinux2014_x86_64.whl", hash = "sha256:a5a4532a12314149d8b4e4ad8ff09dde7427731fcfa5917ff16d0291f13609df"},
    {file = "Pillow-8.4.0-cp38-cp38-win32.whl", hash = "sha256:82aafa8d5eb68c8463b6e9baeb4f19043bb31fefc03eb7b216b51e6a9981ae09"},
    {file = "Pillow-8.4.0-cp38-cp38-win_amd64.whl", hash = "sha256:066f3999cb3b070a95c3652712cffa1a748cd02d60ad7b4e485c3748a04d9d76"},
    {file = "Pillow-8.4.0-cp39-cp39-macosx_10_10_x86_64.whl", hash = "sha256:5503c86916d27c2e101b7f71c2ae2cddba01a2cf55b8395b0255fd33fa4d1f1a"},
    {file = "Pillow-8.4.0-cp39-cp39-macosx_11_0_arm64.whl", hash = "sha256:4acc0985ddf39d1bc969a9220b51d94ed51695d455c228d8ac29fcdb25810e6e"},
    {file = "Pillow-8.4.0-cp39-cp39-manylinux_2_17_aarch64.manylinux2014_aarch64.whl", hash = "sha256:0b052a619a8bfcf26bd8b3f48f45283f9e977890263e4571f2393ed8898d331b"},
    {file = "Pillow-8.4.0-cp39-cp39-manylinux_2_17_i686.manylinux2014_i686.whl", hash = "sha256:493cb4e415f44cd601fcec11c99836f707bb714ab03f5ed46ac25713baf0ff20"},
    {file = "Pillow-8.4.0-cp39-cp39-manylinux_2_17_x86_64.manylinux2014_x86_64.whl", hash = "sha256:b8831cb7332eda5dc89b21a7bce7ef6ad305548820595033a4b03cf3091235ed"},
    {file = "Pillow-8.4.0-cp39-cp39-win32.whl", hash = "sha256:5e9ac5f66616b87d4da618a20ab0a38324dbe88d8a39b55be8964eb520021e02"},
    {file = "Pillow-8.4.0-cp39-cp39-win_amd64.whl", hash = "sha256:3eb1ce5f65908556c2d8685a8f0a6e989d887ec4057326f6c22b24e8a172c66b"},
    {file = "Pillow-8.4.0-pp36-pypy36_pp73-macosx_10_10_x86_64.whl", hash = "sha256:ddc4d832a0f0b4c52fff973a0d44b6c99839a9d016fe4e6a1cb8f3eea96479c2"},
    {file = "Pillow-8.4.0-pp36-pypy36_pp73-manylinux_2_17_i686.manylinux2014_i686.whl", hash = "sha256:9a3e5ddc44c14042f0844b8cf7d2cd455f6cc80fd7f5eefbe657292cf601d9ad"},
    {file = "Pillow-8.4.0-pp36-pypy36_pp73-manylinux_2_17_x86_64.manylinux2014_x86_64.whl", hash = "sha256:c70e94281588ef053ae8998039610dbd71bc509e4acbc77ab59d7d2937b10698"},
    {file = "Pillow-8.4.0-pp37-pypy37_pp73-macosx_10_10_x86_64.whl", hash = "sha256:3862b7256046fcd950618ed22d1d60b842e3a40a48236a5498746f21189afbbc"},
    {file = "Pillow-8.4.0-pp37-pypy37_pp73-manylinux_2_17_i686.manylinux2014_i686.whl", hash = "sha256:a4901622493f88b1a29bd30ec1a2f683782e57c3c16a2dbc7f2595ba01f639df"},
    {file = "Pillow-8.4.0-pp37-pypy37_pp73-manylinux_2_17_x86_64.manylinux2014_x86_64.whl", hash = "sha256:84c471a734240653a0ec91dec0996696eea227eafe72a33bd06c92697728046b"},
    {file = "Pillow-8.4.0-pp37-pypy37_pp73-win_amd64.whl", hash = "sha256:244cf3b97802c34c41905d22810846802a3329ddcb93ccc432870243211c79fc"},
    {file = "Pillow-8.4.0.tar.gz", hash = "sha256:b8e2f83c56e141920c39464b852de3719dfbfb6e3c99a2d8da0edf4fb33176ed"},
]

[[package]]
name = "pymysql"
version = "1.0.2"
description = "Pure Python MySQL Driver"
category = "main"
optional = false
python-versions = ">=3.6"
files = [
    {file = "PyMySQL-1.0.2-py3-none-any.whl", hash = "sha256:41fc3a0c5013d5f039639442321185532e3e2c8924687abe6537de157d403641"},
    {file = "PyMySQL-1.0.2.tar.gz", hash = "sha256:816927a350f38d56072aeca5dfb10221fe1dc653745853d30a216637f5d7ad36"},
]

[package.extras]
ed25519 = ["PyNaCl (>=1.4.0)"]
rsa = ["cryptography"]

[[package]]
name = "pyserial"
version = "3.5"
description = "Python Serial Port Extension"
category = "main"
optional = false
python-versions = "*"
files = [
    {file = "pyserial-3.5-py2.py3-none-any.whl", hash = "sha256:c4451db6ba391ca6ca299fb3ec7bae67a5c55dde170964c7a14ceefec02f2cf0"},
    {file = "pyserial-3.5.tar.gz", hash = "sha256:3c77e014170dfffbd816e6ffc205e9842efb10be9f58ec16d3e8675b4925cddb"},
]

[package.extras]
cp2110 = ["hidapi"]

[[package]]
name = "pyusb"
version = "1.2.1"
description = "Python USB access module"
category = "main"
optional = false
python-versions = ">=3.6.0"
files = [
    {file = "pyusb-1.2.1-py3-none-any.whl", hash = "sha256:2b4c7cb86dbadf044dfb9d3a4ff69fd217013dbe78a792177a3feb172449ea36"},
    {file = "pyusb-1.2.1.tar.gz", hash = "sha256:a4cc7404a203144754164b8b40994e2849fde1cfff06b08492f12fff9d9de7b9"},
]

[[package]]
name = "six"
version = "1.16.0"
description = "Python 2 and 3 compatibility utilities"
category = "main"
optional = false
python-versions = ">=2.7, !=3.0.*, !=3.1.*, !=3.2.*"
files = [
    {file = "six-1.16.0-py2.py3-none-any.whl", hash = "sha256:8abb2f1d86890a2dfb989f9a77cfcfd3e47c2a354b01111771326f8aa26e0254"},
    {file = "six-1.16.0.tar.gz", hash = "sha256:1e61c37477a1626458e36f7b1d82aa5c9b094fa4802892072e49de9c60c4c926"},
]

[[package]]
name = "zipp"
version = "3.6.0"
description = "Backport of pathlib-compatible object wrapper for zip files"
category = "main"
optional = false
python-versions = ">=3.6"
files = [
    {file = "zipp-3.6.0-py3-none-any.whl", hash = "sha256:9fe5ea21568a0a70e50f273397638d39b03353731e6cbbb3fd8502a33fec40bc"},
    {file = "zipp-3.6.0.tar.gz", hash = "sha256:71c644c5369f4a6e07636f0aa966270449561fcea2e3d6747b8d23efaa9d7832"},
]

[package.extras]
docs = ["jaraco.packaging (>=8.2)", "rst.linker (>=1.9)", "sphinx"]
testing = ["func-timeout", "jaraco.itertools", "pytest (>=4.6)", "pytest-black (>=0.3.7)", "pytest-checkdocs (>=2.4)", "pytest-cov", "pytest-enabler (>=1.0.1)", "pytest-flake8", "pytest-mypy"]

[metadata]
lock-version = "2.0"
python-versions = "^3.6"
content-hash = "dbc7bfff637837eb962d4dccd5dec8c8aee6ce7310c55031bfe8fe15c4601252"
