{
    "_meta": {
        "hash": {
            "sha256": "b3b730571482669bef5655f18c28676c784fba65c4334fc31e931b5cc5a80ee5"
        },
        "pipfile-spec": 6,
        "requires": {
            "python_version": "3.6"
        },
        "sources": [
            {
                "name": "pypi",
                "url": "https://pypi.org/simple",
                "verify_ssl": true
            },
            {
                "name": "piwheels",
                "url": "https://www.piwheels.org/simole",
                "verify_ssl": true
            }
        ]
    },
    "default": {
        "cheetah3": {
            "hashes": [
                "sha256:0c8d1a2494eaad548544cb2c317514d5279db0ed569e34516b787d5e12b41589",
                "sha256:16679fc54f3c28322718d866ab47da978a44edc52ac410ed8474a3d8989c240b",
                "sha256:182eead0c5c6759831a73aa6d3e15c5c84b7b64dd3e4c93cfa91e974a677a173",
                "sha256:1f8d2c93e8a927d95c900328265537b2febf3bd7a9ae274c9383450f614985ee",
                "sha256:230fe79277c040a4fcfcc0e66af08ffc2c8a03b0bdc6594f4333ce5db945aef3",
                "sha256:27772b81410e118a59ad1ec050ff796cfbc64fba2aa7ee8173690e913b86b204",
                "sha256:34c0308f8934aa911df7ac6c786c322c3f4a13235dafabf11a333a84ae329b64",
                "sha256:3c3e1c3c8fb2c0f19325e1063315d958477cf3eccd41789a156a48bf91693b5e",
                "sha256:4309c2c6627c93caf080866722b3577287da7b9423c168c9c7d620addb104ff8",
                "sha256:481898873c2e96d9d10ec3c67f583635f91bb705c102ceb2d411946bc47d1e2a",
                "sha256:602db2d02eddbd9c6c44f8543199e1ee31b85b216183ea0149c23ee179383bea",
                "sha256:63d030337dd9f67effb819da83ba87a91742cee2f9ee332a25c9920a4a0dbddd",
                "sha256:70b8d1b0580eecab778c4c1d9fe80b6ca26648b891cc90cc20a4856cb0c2c90a",
                "sha256:79571bd5c638749e02d9d84f896c32b9c4478151a47155be5867bb7aac61d426",
                "sha256:8dd3a01ea1b68e923e172870a36eef48860bfadc2c7a561160c0d90820e4161a",
                "sha256:9b091c98b3eae94d2b688775beccdb6c8857a10ab35d8c1a7e8e7fc4d687c74c",
                "sha256:b6d5e8d1a54855cbc9357f21586bb7b3995502e5c51cbb98bd797bca9b8dd35b",
                "sha256:c60a2611c9329a16139fbe02fe8c38c8410c18630da7ffbd6c02840434d25d58",
                "sha256:c71057cc905e6c3deb4fe63406259531acaea99b27bcf635b39bab8619830e2f",
                "sha256:ed28b099a8708bf152564f14e2f446bba33b602c9838dba0ac762fbb242b1e6e",
                "sha256:eebf42e93d4d67e32a44e32daa8cbc6340a1ed243c4aef0aef573e2c826f3eae"
            ],
            "index": "pypi",
            "version": "==3.2.0"
        },
        "configobj": {
            "hashes": [
                "sha256:a2f5650770e1c87fb335af19a9b7eb73fc05ccf22144eb68db7d00cd2bcb0902"
            ],
            "index": "pypi",
            "version": "==5.0.6"
        },
        "mysqlclient": {
            "hashes": [
                "sha256:425e733b05e359a714d6007c0fc44582be66b63e5a3df0a50949274ae16f4bc6",
                "sha256:62e4770b6a797b9416bcf70488365b7d6b9c9066878108499c559293bb464380",
                "sha256:f257d250f2675d0ef99bd318906f3cfc05cef4a2f385ea695ff32a3f04b9f9a7"
            ],
            "index": "pypi",
            "version": "==1.4.2.post1"
        },
        "pillow": {
            "hashes": [
                "sha256:051de330a06c99d6f84bcf582960487835bcae3fc99365185dc2d4f65a390c0e",
                "sha256:0ae5289948c5e0a16574750021bd8be921c27d4e3527800dc9c2c1d2abc81bf7",
                "sha256:0b1efce03619cdbf8bcc61cfae81fcda59249a469f31c6735ea59badd4a6f58a",
                "sha256:163136e09bd1d6c6c6026b0a662976e86c58b932b964f255ff384ecc8c3cefa3",
                "sha256:18e912a6ccddf28defa196bd2021fe33600cbe5da1aa2f2e2c6df15f720b73d1",
                "sha256:24ec3dea52339a610d34401d2d53d0fb3c7fd08e34b20c95d2ad3973193591f1",
                "sha256:267f8e4c0a1d7e36e97c6a604f5b03ef58e2b81c1becb4fccecddcb37e063cc7",
                "sha256:3273a28734175feebbe4d0a4cde04d4ed20f620b9b506d26f44379d3c72304e1",
                "sha256:4c678e23006798fc8b6f4cef2eaad267d53ff4c1779bd1af8725cc11b72a63f3",
                "sha256:4d4bc2e6bb6861103ea4655d6b6f67af8e5336e7216e20fff3e18ffa95d7a055",
                "sha256:505738076350a337c1740a31646e1de09a164c62c07db3b996abdc0f9d2e50cf",
                "sha256:5233664eadfa342c639b9b9977190d64ad7aca4edc51a966394d7e08e7f38a9f",
                "sha256:5d95cb9f6cced2628f3e4de7e795e98b2659dfcc7176ab4a01a8b48c2c2f488f",
                "sha256:7eda4c737637af74bac4b23aa82ea6fbb19002552be85f0b89bc27e3a762d239",
                "sha256:801ddaa69659b36abf4694fed5aa9f61d1ecf2daaa6c92541bbbbb775d97b9fe",
                "sha256:825aa6d222ce2c2b90d34a0ea31914e141a85edefc07e17342f1d2fdf121c07c",
                "sha256:9c215442ff8249d41ff58700e91ef61d74f47dfd431a50253e1a1ca9436b0697",
                "sha256:a3d90022f2202bbb14da991f26ca7a30b7e4c62bf0f8bf9825603b22d7e87494",
                "sha256:a631fd36a9823638fe700d9225f9698fb59d049c942d322d4c09544dc2115356",
                "sha256:a6523a23a205be0fe664b6b8747a5c86d55da960d9586db039eec9f5c269c0e6",
                "sha256:a756ecf9f4b9b3ed49a680a649af45a8767ad038de39e6c030919c2f443eb000",
                "sha256:b117287a5bdc81f1bac891187275ec7e829e961b8032c9e5ff38b70fd036c78f",
                "sha256:ba04f57d1715ca5ff74bb7f8a818bf929a204b3b3c2c2826d1e1cc3b1c13398c",
                "sha256:cd878195166723f30865e05d87cbaf9421614501a4bd48792c5ed28f90fd36ca",
                "sha256:cee815cc62d136e96cf76771b9d3eb58e0777ec18ea50de5cfcede8a7c429aa8",
                "sha256:d1722b7aa4b40cf93ac3c80d3edd48bf93b9208241d166a14ad8e7a20ee1d4f3",
                "sha256:d7c1c06246b05529f9984435fc4fa5a545ea26606e7f450bdbe00c153f5aeaad",
                "sha256:e9c8066249c040efdda84793a2a669076f92a301ceabe69202446abb4c5c5ef9",
                "sha256:f227d7e574d050ff3996049e086e1f18c7bd2d067ef24131e50a1d3fe5831fbc",
                "sha256:fc9a12aad714af36cf3ad0275a96a733526571e52710319855628f476dcb144e"
            ],
            "index": "pypi",
            "version": "==5.4.1"
        },
        "pyephem": {
            "hashes": [
                "sha256:05aeb35369c99081a5b8691b9b36024f6c615653a19cb46e1f0f787dcdfca216",
                "sha256:12cbe62c8ebabb00bcceb8cfa0559c2d6166c6491ee5b4b42719cb45602f818b",
                "sha256:143146da32a07a4cf9725b5656ba095d24978c22a0363414203e72c39bae52bd",
                "sha256:395b44e3733f1f389dff44da4a94de2e350b7331ac5a65df04f9e51a4421be9a",
                "sha256:4b24d8e4ce469355b778024a9e275fe718cb8a1c0f6cff1ca7739ec5294a8c33",
                "sha256:9d4a3511078ef42c72deddf9c3672b6d7d826a7b9c3017d92d21ce69109f29d4",
                "sha256:cb53d475eac7a70d0179318e8c06f512b59d8d6757cfbd7111a9af18c371220f",
                "sha256:cf351a7a71fbd9abfd8ed8fbeb725989e01defd37b640f0075b27dbcb9b44fe4",
                "sha256:ff202296df277adb2edc06d8cb682d7708d88fab1296471edd965a678b66a6bc"
            ],
            "index": "pypi",
            "version": "==3.7.6.0"
        },
        "pyserial": {
            "hashes": [
                "sha256:6e2d401fdee0eab996cf734e67773a0143b932772ca8b42451440cfed942c627",
                "sha256:e0770fadba80c31013896c7e6ef703f72e7834965954a78e71a3049488d4d7d8"
            ],
            "index": "pypi",
            "version": "==3.4"
        },
        "pyusb": {
            "hashes": [
                "sha256:4e9b72cc4a4205ca64fbf1f3fff39a335512166c151ad103e55c8223ac147362"
            ],
            "index": "pypi",
            "version": "==1.0.2"
        },
        "six": {
            "hashes": [
                "sha256:3350809f0555b11f552448330d0b52d5f24c91a322ea4a15ef22629740f3761c",
                "sha256:d16a0141ec1a18405cd4ce8b4613101da75da0e9a7aec5bdd4fa804d0e0eba73"
            ],
            "version": "==1.12.0"
        }
    },
    "develop": {}
}
